PODS:
  - Amplitude (8.22.0):
    - AnalyticsConnector (~> 1.0.0)
  - Analytics (4.1.6)
  - AnalyticsConnector (1.0.3)
  - AppsFlyerFramework (6.10.1):
    - AppsFlyerFramework/Main (= 6.10.1)
  - AppsFlyerFramework/Main (6.10.1)
  - Flutter (1.0.0)
  - flutter_segment_sdk (3.13.1):
    - Analytics (= 4.1.6)
    - Flutter
    - Segment-Amplitude (= 3.3.2)
    - segment-appsflyer-ios (= 6.10.1)
  - Segment-Amplitude (3.3.2):
    - Amplitude (~> 8.3)
    - Analytics
  - segment-appsflyer-ios (6.10.1):
    - Analytics
    - segment-appsflyer-ios/Main (= 6.10.1)
  - segment-appsflyer-ios/Main (6.10.1):
    - Analytics
    - AppsFlyerFramework (= 6.10.1)

DEPENDENCIES:
  - Flutter (from `Flutter`)
  - flutter_segment_sdk (from `.symlinks/plugins/flutter_segment_sdk/ios`)

SPEC REPOS:
  trunk:
    - Amplitude
    - Analytics
    - AnalyticsConnector
    - AppsFlyerFramework
    - Segment-Amplitude
    - segment-appsflyer-ios

EXTERNAL SOURCES:
  Flutter:
    :path: Flutter
  flutter_segment_sdk:
    :path: ".symlinks/plugins/flutter_segment_sdk/ios"

SPEC CHECKSUMS:
  Amplitude: d5c696f6fc1632a0e6672af2f01aa184e0b93194
  Analytics: eefe524436f904b8bb3f8c8c3425280e43b34efc
  AnalyticsConnector: a53214d38ae22734c6266106c0492b37832633a9
  AppsFlyerFramework: 88a6eed37ad52bcee4ad74232efa8e22809d06c9
  Flutter: e0871f40cf51350855a761d2e70bf5af5b9b5de7
  flutter_segment_sdk: 6e434c131174b202aa4cb60089be1649d4b54e95
  Segment-Amplitude: 6c1e59c8c278a21029ba7a6a788fcb31b9233a2c
  segment-appsflyer-ios: 98124c817857be032697c92f613be97404a4c330

PODFILE CHECKSUM: c5a3a731b49f8e74894a9db5e2e52860ff4a4538

COCOAPODS: 1.15.2
